
Microsoft Visual Studio Solution File, Format Version 12.00
# Visual Studio Version 16
VisualStudioVersion = 16.0.29020.237
MinimumVisualStudioVersion = 10.0.40219.1
Project("{2150E333-8FDC-42A3-9474-1A3956D46DE8}") = "src", "src", "{C9BFDDC4-5671-47A3-B57D-197C2A51FA8A}"
EndProject
Project("{2150E333-8FDC-42A3-9474-1A3956D46DE8}") = "Solution Items", "Solution Items", "{0FA25035-EF21-45F1-BEB4-C57BCF5F9A83}"
	ProjectSection(SolutionItems) = preProject
		.editorconfig = .editorconfig
	EndProjectSection
EndProject
Project("{2150E333-8FDC-42A3-9474-1A3956D46DE8}") = "Modules", "Modules", "{7EFA2FA7-32DD-4047-B021-50E77A83D714}"
	ProjectSection(SolutionItems) = preProject
		src\Modules\Directory.Build.props = src\Modules\Directory.Build.props
	EndProjectSection
EndProject
Project("{2150E333-8FDC-42A3-9474-1A3956D46DE8}") = "Database", "Database", "{0A27C140-4CCB-40DD-BE48-F5DE16D1177B}"
	ProjectSection(SolutionItems) = preProject
		src\Database\Countries.sql = src\Database\Countries.sql
		src\Database\StaticData-BR.sql = src\Database\StaticData-BR.sql
		src\Database\StaticData-CN.sql = src\Database\StaticData-CN.sql
		src\Database\StaticData-DE.sql = src\Database\StaticData-DE.sql
		src\Database\StaticData-DefaultLocalization.sql = src\Database\StaticData-DefaultLocalization.sql
		src\Database\StaticData-ES.sql = src\Database\StaticData-ES.sql
		src\Database\StaticData-FR.sql = src\Database\StaticData-FR.sql
		src\Database\StaticData-GB.sql = src\Database\StaticData-GB.sql
		src\Database\StaticData-IR.sql = src\Database\StaticData-IR.sql
		src\Database\StaticData-KR.sql = src\Database\StaticData-KR.sql
		src\Database\StaticData-RU.sql = src\Database\StaticData-RU.sql
		src\Database\StaticData-TN.sql = src\Database\StaticData-TN.sql
		src\Database\StaticData-TR.sql = src\Database\StaticData-TR.sql
		src\Database\StaticData-UA.sql = src\Database\StaticData-UA.sql
		src\Database\StaticData-US.sql = src\Database\StaticData-US.sql
		src\Database\StaticData-VN.sql = src\Database\StaticData-VN.sql
	EndProjectSection
EndProject
Project("{9A19103F-16F7-4668-BE54-9A1E7A4F7556}") = "SimplCommerce.WebHost", "src\SimplCommerce.WebHost\SimplCommerce.WebHost.csproj", "{13367B7A-E91C-47EE-BA5E-C50664D65767}"
EndProject
Project("{9A19103F-16F7-4668-BE54-9A1E7A4F7556}") = "SimplCommerce.Infrastructure", "src\SimplCommerce.Infrastructure\SimplCommerce.Infrastructure.csproj", "{9C156841-9389-4840-82CB-D5A4ED9A6A00}"
EndProject
Project("{9A19103F-16F7-4668-BE54-9A1E7A4F7556}") = "SimplCommerce.Module.Core", "src\Modules\SimplCommerce.Module.Core\SimplCommerce.Module.Core.csproj", "{91A9DD1C-08F3-4F85-8728-BB30F55FDACB}"
EndProject
Project("{9A19103F-16F7-4668-BE54-9A1E7A4F7556}") = "SimplCommerce.Module.Catalog", "src\Modules\SimplCommerce.Module.Catalog\SimplCommerce.Module.Catalog.csproj", "{5A25980B-54D9-4B82-8E2B-021F27860D7F}"
EndProject

Project("{9A19103F-16F7-4668-BE54-9A1E7A4F7556}") = "SimplCommerce.Module.Cms", "src\Modules\SimplCommerce.Module.Cms\SimplCommerce.Module.Cms.csproj", "{B5344A80-C707-4DB4-A80C-064B3F24E091}"
EndProject

Project("{9A19103F-16F7-4668-BE54-9A1E7A4F7556}") = "SimplCommerce.Module.Localization", "src\Modules\SimplCommerce.Module.Localization\SimplCommerce.Module.Localization.csproj", "{168ECB44-DB3C-4DAB-9F8D-7BA5EB39D1CE}"
EndProject
Project("{9A19103F-16F7-4668-BE54-9A1E7A4F7556}") = "SimplCommerce.Module.Search", "src\Modules\SimplCommerce.Module.Search\SimplCommerce.Module.Search.csproj", "{5EFB6861-B00E-40D5-A7AF-B3A6E914BC8E}"
EndProject


Project("{9A19103F-16F7-4668-BE54-9A1E7A4F7556}") = "SimplCommerce.Infrastructure.Tests", "test\SimplCommerce.Infrastructure.Tests\SimplCommerce.Infrastructure.Tests.csproj", "{338A04B7-CB1A-4C98-84A7-02F48A41D860}"
EndProject
Project("{9A19103F-16F7-4668-BE54-9A1E7A4F7556}") = "SimplCommerce.Module.Core.Tests", "test\SimplCommerce.Module.Core.Tests\SimplCommerce.Module.Core.Tests.csproj", "{52D24DE2-8661-4BBF-AC7B-B36BB1A655BA}"
EndProject




Project("{9A19103F-16F7-4668-BE54-9A1E7A4F7556}") = "SimplCommerce.Module.Tax", "src\Modules\SimplCommerce.Module.Tax\SimplCommerce.Module.Tax.csproj", "{78D8AEB4-BAE8-4671-9C89-482BE8CB58B7}"
EndProject

Project("{9A19103F-16F7-4668-BE54-9A1E7A4F7556}") = "SimplCommerce.Module.Inventory", "src\Modules\SimplCommerce.Module.Inventory\SimplCommerce.Module.Inventory.csproj", "{C39E8BE9-95DD-4B67-B04C-B73787E52A5B}"
EndProject


Project("{2150E333-8FDC-42A3-9474-1A3956D46DE8}") = "MySql", "MySql", "{1A8B6FA0-8341-4D27-9B71-57F70AB37571}"
	ProjectSection(SolutionItems) = preProject
		src\Database\MySql\StaticData-GB.sql = src\Database\MySql\StaticData-GB.sql
	EndProjectSection
EndProject

Global
	GlobalSection(SolutionConfigurationPlatforms) = preSolution
		Debug|Any CPU = Debug|Any CPU
		Debug|x64 = Debug|x64
		Debug|x86 = Debug|x86
		Release|Any CPU = Release|Any CPU
		Release|x64 = Release|x64
		Release|x86 = Release|x86
	EndGlobalSection
	
	GlobalSection(SolutionProperties) = preSolution
		HideSolutionNode = FALSE
	EndGlobalSection
	
EndGlobal
